{
  "name": "ottoman",
  "version": "1.0.4",
  "lockfileVersion": 1,
  "requires": true,
  "dependencies": {
    "@types/couchbase": {
      "version": "2.1.30",
      "resolved": "https://registry.npmjs.org/@types/couchbase/-/couchbase-2.1.30.tgz",
      "integrity": "sha1-jYrSth0f5Ehs397N5jDnxmTThZs=",
      "dev": true,
      "requires": {
        "@types/node": "9.4.5"
      }
    },
    "@types/node": {
      "version": "9.4.5",
      "resolved": "https://registry.npmjs.org/@types/node/-/node-9.4.5.tgz",
      "integrity": "sha512-DvC7bzO5797bkApgukxouHmkOdYN2D0yL5olw0RncDpXUa6n39qTVsUi/5g2QJjPgl8qn4zh+4h0sofNoWGLRg==",
      "dev": true
    }
  }
}
